
Microsoft Visual Studio Solution File, Format Version 12.00
# Visual Studio Version 17
VisualStudioVersion = 17.5.33414.496
MinimumVisualStudioVersion = 10.0.40219.1
Project("{FAE04EC0-301F-11D3-BF4B-00C04F79EFBC}") = "Loguser", "Loguser\Loguser.csproj", "{55059C45-45AF-4C24-A665-D3DB1CCE7307}"
EndProject
Global
	GlobalSection(SolutionConfigurationPlatforms) = preSolution
		Debug|Any CPU = Debug|Any CPU
		Release|Any CPU = Release|Any CPU
	EndGlobalSection
	GlobalSection(ProjectConfigurationPlatforms) = postSolution
		{55059C45-45AF-4C24-A665-D3DB1CCE7307}.Debug|Any CPU.ActiveCfg = Debug|Any CPU
		{55059C45-45AF-4C24-A665-D3DB1CCE7307}.Debug|Any CPU.Build.0 = Debug|Any CPU
		{55059C45-45AF-4C24-A665-D3DB1CCE7307}.Release|Any CPU.ActiveCfg = Release|Any CPU
		{55059C45-45AF-4C24-A665-D3DB1CCE7307}.Release|Any CPU.Build.0 = Release|Any CPU
	EndGlobalSection
	GlobalSection(SolutionProperties) = preSolution
		HideSolutionNode = FALSE
	EndGlobalSection
	GlobalSection(ExtensibilityGlobals) = postSolution
		SolutionGuid = {0D300C0F-EAB2-40CC-A04C-296183EE770D}
	EndGlobalSection
EndGlobal
